
Microsoft Visual Studio Solution File, Format Version 12.00
# Visual Studio Version 16
VisualStudioVersion = 16.0.30907.101
MinimumVisualStudioVersion = 10.0.40219.1
Project("{FAE04EC0-301F-11D3-BF4B-00C04F79EFBC}") = "(P) -- Pokemon", "(P) -- Pokemon.csproj", "{37C5E539-5825-4011-922E-ABEB6346A223}"
EndProject
Global
	GlobalSection(SolutionConfigurationPlatforms) = preSolution
		Debug|Any CPU = Debug|Any CPU
		Release|Any CPU = Release|Any CPU
	EndGlobalSection
	GlobalSection(ProjectConfigurationPlatforms) = postSolution
		{37C5E539-5825-4011-922E-ABEB6346A223}.Debug|Any CPU.ActiveCfg = Debug|Any CPU
		{37C5E539-5825-4011-922E-ABEB6346A223}.Debug|Any CPU.Build.0 = Debug|Any CPU
		{37C5E539-5825-4011-922E-ABEB6346A223}.Release|Any CPU.ActiveCfg = Release|Any CPU
		{37C5E539-5825-4011-922E-ABEB6346A223}.Release|Any CPU.Build.0 = Release|Any CPU
	EndGlobalSection
	GlobalSection(SolutionProperties) = preSolution
		HideSolutionNode = FALSE
	EndGlobalSection
	GlobalSection(ExtensibilityGlobals) = postSolution
		SolutionGuid = {65E68B00-EDF1-4028-BE29-FFA3F24F8353}
	EndGlobalSection
EndGlobal
