
Microsoft Visual Studio Solution File, Format Version 12.00
# Visual Studio Version 16
VisualStudioVersion = 16.0.30907.101
MinimumVisualStudioVersion = 10.0.40219.1
Project("{FAE04EC0-301F-11D3-BF4B-00C04F79EFBC}") = "WPF (P) -- Classes", "WPF (P) -- Classes\WPF (P) -- Classes.csproj", "{2672F48A-5F8E-4349-9727-D826EE89B308}"
EndProject
Global
	GlobalSection(SolutionConfigurationPlatforms) = preSolution
		Debug|Any CPU = Debug|Any CPU
		Release|Any CPU = Release|Any CPU
	EndGlobalSection
	GlobalSection(ProjectConfigurationPlatforms) = postSolution
		{2672F48A-5F8E-4349-9727-D826EE89B308}.Debug|Any CPU.ActiveCfg = Debug|Any CPU
		{2672F48A-5F8E-4349-9727-D826EE89B308}.Debug|Any CPU.Build.0 = Debug|Any CPU
		{2672F48A-5F8E-4349-9727-D826EE89B308}.Release|Any CPU.ActiveCfg = Release|Any CPU
		{2672F48A-5F8E-4349-9727-D826EE89B308}.Release|Any CPU.Build.0 = Release|Any CPU
	EndGlobalSection
	GlobalSection(SolutionProperties) = preSolution
		HideSolutionNode = FALSE
	EndGlobalSection
	GlobalSection(ExtensibilityGlobals) = postSolution
		SolutionGuid = {3314F173-4A45-415A-AAF2-6F803D2A89DB}
	EndGlobalSection
EndGlobal
