
Microsoft Visual Studio Solution File, Format Version 12.00
# Visual Studio Version 16
VisualStudioVersion = 16.0.30907.101
MinimumVisualStudioVersion = 10.0.40219.1
Project("{FAE04EC0-301F-11D3-BF4B-00C04F79EFBC}") = "(P) -- GOT", "(P) -- GOT\(P) -- GOT.csproj", "{ED7761B9-C8AC-49FB-8A97-3F1AC5821B9F}"
EndProject
Global
	GlobalSection(SolutionConfigurationPlatforms) = preSolution
		Debug|Any CPU = Debug|Any CPU
		Release|Any CPU = Release|Any CPU
	EndGlobalSection
	GlobalSection(ProjectConfigurationPlatforms) = postSolution
		{ED7761B9-C8AC-49FB-8A97-3F1AC5821B9F}.Debug|Any CPU.ActiveCfg = Debug|Any CPU
		{ED7761B9-C8AC-49FB-8A97-3F1AC5821B9F}.Debug|Any CPU.Build.0 = Debug|Any CPU
		{ED7761B9-C8AC-49FB-8A97-3F1AC5821B9F}.Release|Any CPU.ActiveCfg = Release|Any CPU
		{ED7761B9-C8AC-49FB-8A97-3F1AC5821B9F}.Release|Any CPU.Build.0 = Release|Any CPU
	EndGlobalSection
	GlobalSection(SolutionProperties) = preSolution
		HideSolutionNode = FALSE
	EndGlobalSection
	GlobalSection(ExtensibilityGlobals) = postSolution
		SolutionGuid = {85642EC1-6670-4320-8264-1CA8BC825F8C}
	EndGlobalSection
EndGlobal
